
Microsoft Visual Studio Solution File, Format Version 12.00
# Visual Studio Version 16
VisualStudioVersion = 16.0.31702.278
MinimumVisualStudioVersion = 10.0.40219.1
Project("{FAE04EC0-301F-11D3-BF4B-00C04F79EFBC}") = "Arsha", "Arsha\Arsha.csproj", "{BBEFB4C1-324F-410D-B5D3-87055B4D28F1}"
EndProject
Global
	GlobalSection(SolutionConfigurationPlatforms) = preSolution
		Debug|Any CPU = Debug|Any CPU
		Release|Any CPU = Release|Any CPU
	EndGlobalSection
	GlobalSection(ProjectConfigurationPlatforms) = postSolution
		{BBEFB4C1-324F-410D-B5D3-87055B4D28F1}.Debug|Any CPU.ActiveCfg = Debug|Any CPU
		{BBEFB4C1-324F-410D-B5D3-87055B4D28F1}.Debug|Any CPU.Build.0 = Debug|Any CPU
		{BBEFB4C1-324F-410D-B5D3-87055B4D28F1}.Release|Any CPU.ActiveCfg = Release|Any CPU
		{BBEFB4C1-324F-410D-B5D3-87055B4D28F1}.Release|Any CPU.Build.0 = Release|Any CPU
	EndGlobalSection
	GlobalSection(SolutionProperties) = preSolution
		HideSolutionNode = FALSE
	EndGlobalSection
	GlobalSection(ExtensibilityGlobals) = postSolution
		SolutionGuid = {8D687543-D4B9-437B-9024-9D8C3DC5BAE4}
	EndGlobalSection
EndGlobal
